// !$*UTF8*$!
{
	archiveVersion = 1;
	classes = {
	};
	objectVersion = 50;
	objects = {

/* Begin PBXBuildFile section */
		D12C192F207A35F600606582 /* PersonTableViewCell.swift in Sources */ = {isa = PBXBuildFile; fileRef = D12C192E207A35F600606582 /* PersonTableViewCell.swift */; };
		D138A9252077746C003CBC56 /* AppDelegate.swift in Sources */ = {isa = PBXBuildFile; fileRef = D138A9242077746C003CBC56 /* AppDelegate.swift */; };
		D138A92A2077746C003CBC56 /* Main.storyboard in Resources */ = {isa = PBXBuildFile; fileRef = D138A9282077746C003CBC56 /* Main.storyboard */; };
		D138A92C20777471003CBC56 /* Assets.xcassets in Resources */ = {isa = PBXBuildFile; fileRef = D138A92B20777471003CBC56 /* Assets.xcassets */; };
		D138A92F20777471003CBC56 /* LaunchScreen.storyboard in Resources */ = {isa = PBXBuildFile; fileRef = D138A92D20777471003CBC56 /* LaunchScreen.storyboard */; };
		D138A93920777518003CBC56 /* CloudKit.framework in Frameworks */ = {isa = PBXBuildFile; fileRef = D138A93820777518003CBC56 /* CloudKit.framework */; };
		D19529D220791ABF005A4C3F /* PersonTableViewController.swift in Sources */ = {isa = PBXBuildFile; fileRef = D19529D120791ABF005A4C3F /* PersonTableViewController.swift */; };
		D1AF9E5D207B72930065EAA4 /* NyPersonViewController.swift in Sources */ = {isa = PBXBuildFile; fileRef = D1AF9E5C207B72930065EAA4 /* NyPersonViewController.swift */; };
		D1E8E2132087604C007F7BC0 /* Persondata.png in Resources */ = {isa = PBXBuildFile; fileRef = D1E8E2122087604C007F7BC0 /* Persondata.png */; };
		D1FF90582084E427002D47C0 /* Create iOS Icons.jsx in Resources */ = {isa = PBXBuildFile; fileRef = D1FF90572084E427002D47C0 /* Create iOS Icons.jsx */; };
/* End PBXBuildFile section */

/* Begin PBXFileReference section */
		D12C192E207A35F600606582 /* PersonTableViewCell.swift */ = {isa = PBXFileReference; lastKnownFileType = sourcecode.swift; path = PersonTableViewCell.swift; sourceTree = "<group>"; };
		D138A9212077746C003CBC56 /* PersonData.app */ = {isa = PBXFileReference; explicitFileType = wrapper.application; includeInIndex = 0; path = PersonData.app; sourceTree = BUILT_PRODUCTS_DIR; };
		D138A9242077746C003CBC56 /* AppDelegate.swift */ = {isa = PBXFileReference; lastKnownFileType = sourcecode.swift; path = AppDelegate.swift; sourceTree = "<group>"; };
		D138A9292077746C003CBC56 /* Base */ = {isa = PBXFileReference; lastKnownFileType = file.storyboard; name = Base; path = Base.lproj/Main.storyboard; sourceTree = "<group>"; };
		D138A92B20777471003CBC56 /* Assets.xcassets */ = {isa = PBXFileReference; lastKnownFileType = folder.assetcatalog; path = Assets.xcassets; sourceTree = "<group>"; };
		D138A92E20777471003CBC56 /* Base */ = {isa = PBXFileReference; lastKnownFileType = file.storyboard; name = Base; path = Base.lproj/LaunchScreen.storyboard; sourceTree = "<group>"; };
		D138A93020777471003CBC56 /* Info.plist */ = {isa = PBXFileReference; lastKnownFileType = text.plist.xml; path = Info.plist; sourceTree = "<group>"; };
		D138A9362077748B003CBC56 /* PersonData.entitlements */ = {isa = PBXFileReference; lastKnownFileType = text.plist.entitlements; path = PersonData.entitlements; sourceTree = "<group>"; };
		D138A93820777518003CBC56 /* CloudKit.framework */ = {isa = PBXFileReference; lastKnownFileType = wrapper.framework; name = CloudKit.framework; path = System/Library/Frameworks/CloudKit.framework; sourceTree = SDKROOT; };
		D19529D120791ABF005A4C3F /* PersonTableViewController.swift */ = {isa = PBXFileReference; lastKnownFileType = sourcecode.swift; path = PersonTableViewController.swift; sourceTree = "<group>"; };
		D1AF9E5C207B72930065EAA4 /* NyPersonViewController.swift */ = {isa = PBXFileReference; lastKnownFileType = sourcecode.swift; path = NyPersonViewController.swift; sourceTree = "<group>"; };
		D1E8E2122087604C007F7BC0 /* Persondata.png */ = {isa = PBXFileReference; lastKnownFileType = image.png; path = Persondata.png; sourceTree = "<group>"; };
		D1FF90572084E427002D47C0 /* Create iOS Icons.jsx */ = {isa = PBXFileReference; fileEncoding = 4; lastKnownFileType = text; path = "Create iOS Icons.jsx"; sourceTree = "<group>"; };
/* End PBXFileReference section */

/* Begin PBXFrameworksBuildPhase section */
		D138A91E2077746C003CBC56 /* Frameworks */ = {
			isa = PBXFrameworksBuildPhase;
			buildActionMask = 2147483647;
			files = (
				D138A93920777518003CBC56 /* CloudKit.framework in Frameworks */,
			);
			runOnlyForDeploymentPostprocessing = 0;
		};
/* End PBXFrameworksBuildPhase section */

/* Begin PBXGroup section */
		D138A9182077746C003CBC56 = {
			isa = PBXGroup;
			children = (
				D138A9232077746C003CBC56 /* PersonData */,
				D138A9222077746C003CBC56 /* Products */,
				D138A93720777518003CBC56 /* Frameworks */,
			);
			sourceTree = "<group>";
		};
		D138A9222077746C003CBC56 /* Products */ = {
			isa = PBXGroup;
			children = (
				D138A9212077746C003CBC56 /* PersonData.app */,
			);
			name = Products;
			sourceTree = "<group>";
		};
		D138A9232077746C003CBC56 /* PersonData */ = {
			isa = PBXGroup;
			children = (
				D1E8E2122087604C007F7BC0 /* Persondata.png */,
				D1FF90572084E427002D47C0 /* Create iOS Icons.jsx */,
				D138A9362077748B003CBC56 /* PersonData.entitlements */,
				D138A92D20777471003CBC56 /* LaunchScreen.storyboard */,
				D138A9242077746C003CBC56 /* AppDelegate.swift */,
				D19529D120791ABF005A4C3F /* PersonTableViewController.swift */,
				D12C192E207A35F600606582 /* PersonTableViewCell.swift */,
				D1AF9E5C207B72930065EAA4 /* NyPersonViewController.swift */,
				D138A9282077746C003CBC56 /* Main.storyboard */,
				D138A92B20777471003CBC56 /* Assets.xcassets */,
				D138A93020777471003CBC56 /* Info.plist */,
			);
			path = PersonData;
			sourceTree = "<group>";
		};
		D138A93720777518003CBC56 /* Frameworks */ = {
			isa = PBXGroup;
			children = (
				D138A93820777518003CBC56 /* CloudKit.framework */,
			);
			name = Frameworks;
			sourceTree = "<group>";
		};
/* End PBXGroup section */

/* Begin PBXNativeTarget section */
		D138A9202077746C003CBC56 /* PersonData */ = {
			isa = PBXNativeTarget;
			buildConfigurationList = D138A93320777471003CBC56 /* Build configuration list for PBXNativeTarget "PersonData" */;
			buildPhases = (
				D138A91D2077746C003CBC56 /* Sources */,
				D138A91E2077746C003CBC56 /* Frameworks */,
				D138A91F2077746C003CBC56 /* Resources */,
			);
			buildRules = (
			);
			dependencies = (
			);
			name = PersonData;
			productName = PersonData;
			productReference = D138A9212077746C003CBC56 /* PersonData.app */;
			productType = "com.apple.product-type.application";
		};
/* End PBXNativeTarget section */

/* Begin PBXProject section */
		D138A9192077746C003CBC56 /* Project object */ = {
			isa = PBXProject;
			attributes = {
				LastSwiftUpdateCheck = 0940;
				LastUpgradeCheck = 0940;
				ORGANIZATIONNAME = "Jan ";
				TargetAttributes = {
					D138A9202077746C003CBC56 = {
						CreatedOnToolsVersion = 9.4;
						LastSwiftMigration = 1000;
						SystemCapabilities = {
							com.apple.Push = {
								enabled = 0;
							};
							com.apple.iCloud = {
								enabled = 1;
							};
						};
					};
				};
			};
			buildConfigurationList = D138A91C2077746C003CBC56 /* Build configuration list for PBXProject "PersonData" */;
			compatibilityVersion = "Xcode 9.3";
			developmentRegion = en;
			hasScannedForEncodings = 0;
			knownRegions = (
				en,
				Base,
			);
			mainGroup = D138A9182077746C003CBC56;
			productRefGroup = D138A9222077746C003CBC56 /* Products */;
			projectDirPath = "";
			projectRoot = "";
			targets = (
				D138A9202077746C003CBC56 /* PersonData */,
			);
		};
/* End PBXProject section */

/* Begin PBXResourcesBuildPhase section */
		D138A91F2077746C003CBC56 /* Resources */ = {
			isa = PBXResourcesBuildPhase;
			buildActionMask = 2147483647;
			files = (
				D1E8E2132087604C007F7BC0 /* Persondata.png in Resources */,
				D138A92F20777471003CBC56 /* LaunchScreen.storyboard in Resources */,
				D138A92C20777471003CBC56 /* Assets.xcassets in Resources */,
				D1FF90582084E427002D47C0 /* Create iOS Icons.jsx in Resources */,
				D138A92A2077746C003CBC56 /* Main.storyboard in Resources */,
			);
			runOnlyForDeploymentPostprocessing = 0;
		};
/* End PBXResourcesBuildPhase section */

/* Begin PBXSourcesBuildPhase section */
		D138A91D2077746C003CBC56 /* Sources */ = {
			isa = PBXSourcesBuildPhase;
			buildActionMask = 2147483647;
			files = (
				D1AF9E5D207B72930065EAA4 /* NyPersonViewController.swift in Sources */,
				D12C192F207A35F600606582 /* PersonTableViewCell.swift in Sources */,
				D138A9252077746C003CBC56 /* AppDelegate.swift in Sources */,
				D19529D220791ABF005A4C3F /* PersonTableViewController.swift in Sources */,
			);
			runOnlyForDeploymentPostprocessing = 0;
		};
/* End PBXSourcesBuildPhase section */

/* Begin PBXVariantGroup section */
		D138A9282077746C003CBC56 /* Main.storyboard */ = {
			isa = PBXVariantGroup;
			children = (
				D138A9292077746C003CBC56 /* Base */,
			);
			name = Main.storyboard;
			sourceTree = "<group>";
		};
		D138A92D20777471003CBC56 /* LaunchScreen.storyboard */ = {
			isa = PBXVariantGroup;
			children = (
				D138A92E20777471003CBC56 /* Base */,
			);
			name = LaunchScreen.storyboard;
			sourceTree = "<group>";
		};
/* End PBXVariantGroup section */

/* Begin XCBuildConfiguration section */
		D138A93120777471003CBC56 /* Debug */ = {
			isa = XCBuildConfiguration;
			buildSettings = {
				ALWAYS_SEARCH_USER_PATHS = NO;
				CLANG_ANALYZER_NONNULL = YES;
				CLANG_ANALYZER_NUMBER_OBJECT_CONVERSION = YES_AGGRESSIVE;
				CLANG_CXX_LANGUAGE_STANDARD = "gnu++14";
				CLANG_CXX_LIBRARY = "libc++";
				CLANG_ENABLE_MODULES = YES;
				CLANG_ENABLE_OBJC_ARC = YES;
				CLANG_ENABLE_OBJC_WEAK = YES;
				CLANG_WARN_BLOCK_CAPTURE_AUTORELEASING = YES;
				CLANG_WARN_BOOL_CONVERSION = YES;
				CLANG_WARN_COMMA = YES;
				CLANG_WARN_CONSTANT_CONVERSION = YES;
				CLANG_WARN_DEPRECATED_OBJC_IMPLEMENTATIONS = YES;
				CLANG_WARN_DIRECT_OBJC_ISA_USAGE = YES_ERROR;
				CLANG_WARN_DOCUMENTATION_COMMENTS = YES;
				CLANG_WARN_EMPTY_BODY = YES;
				CLANG_WARN_ENUM_CONVERSION = YES;
				CLANG_WARN_INFINITE_RECURSION = YES;
				CLANG_WARN_INT_CONVERSION = YES;
				CLANG_WARN_NON_LITERAL_NULL_CONVERSION = YES;
				CLANG_WARN_OBJC_IMPLICIT_RETAIN_SELF = YES;
				CLANG_WARN_OBJC_LITERAL_CONVERSION = YES;
				CLANG_WARN_OBJC_ROOT_CLASS = YES_ERROR;
				CLANG_WARN_RANGE_LOOP_ANALYSIS = YES;
				CLANG_WARN_STRICT_PROTOTYPES = YES;
				CLANG_WARN_SUSPICIOUS_MOVE = YES;
				CLANG_WARN_UNGUARDED_AVAILABILITY = YES_AGGRESSIVE;
				CLANG_WARN_UNREACHABLE_CODE = YES;
				CLANG_WARN__DUPLICATE_METHOD_MATCH = YES;
				CODE_SIGN_IDENTITY = "iPhone Developer";
				COPY_PHASE_STRIP = NO;
				DEBUG_INFORMATION_FORMAT = dwarf;
				ENABLE_STRICT_OBJC_MSGSEND = YES;
				ENABLE_TESTABILITY = YES;
				GCC_C_LANGUAGE_STANDARD = gnu11;
				GCC_DYNAMIC_NO_PIC = NO;
				GCC_NO_COMMON_BLOCKS = YES;
				GCC_OPTIMIZATION_LEVEL = 0;
				GCC_PREPROCESSOR_DEFINITIONS = (
					"DEBUG=1",
					"$(inherited)",
				);
				GCC_WARN_64_TO_32_BIT_CONVERSION = YES;
				GCC_WARN_ABOUT_RETURN_TYPE = YES_ERROR;
				GCC_WARN_UNDECLARED_SELECTOR = YES;
				GCC_WARN_UNINITIALIZED_AUTOS = YES_AGGRESSIVE;
				GCC_WARN_UNUSED_FUNCTION = YES;
				GCC_WARN_UNUSED_VARIABLE = YES;
				IPHONEOS_DEPLOYMENT_TARGET = 11.4;
				MTL_ENABLE_DEBUG_INFO = YES;
				ONLY_ACTIVE_ARCH = YES;
				SDKROOT = iphoneos;
				SWIFT_ACTIVE_COMPILATION_CONDITIONS = DEBUG;
				SWIFT_OPTIMIZATION_LEVEL = "-Onone";
			};
			name = Debug;
		};
		D138A93220777471003CBC56 /* Release */ = {
			isa = XCBuildConfiguration;
			buildSettings = {
				ALWAYS_SEARCH_USER_PATHS = NO;
				CLANG_ANALYZER_NONNULL = YES;
				CLANG_ANALYZER_NUMBER_OBJECT_CONVERSION = YES_AGGRESSIVE;
				CLANG_CXX_LANGUAGE_STANDARD = "gnu++14";
				CLANG_CXX_LIBRARY = "libc++";
				CLANG_ENABLE_MODULES = YES;
				CLANG_ENABLE_OBJC_ARC = YES;
				CLANG_ENABLE_OBJC_WEAK = YES;
				CLANG_WARN_BLOCK_CAPTURE_AUTORELEASING = YES;
				CLANG_WARN_BOOL_CONVERSION = YES;
				CLANG_WARN_COMMA = YES;
				CLANG_WARN_CONSTANT_CONVERSION = YES;
				CLANG_WARN_DEPRECATED_OBJC_IMPLEMENTATIONS = YES;
				CLANG_WARN_DIRECT_OBJC_ISA_USAGE = YES_ERROR;
				CLANG_WARN_DOCUMENTATION_COMMENTS = YES;
				CLANG_WARN_EMPTY_BODY = YES;
				CLANG_WARN_ENUM_CONVERSION = YES;
				CLANG_WARN_INFINITE_RECURSION = YES;
				CLANG_WARN_INT_CONVERSION = YES;
				CLANG_WARN_NON_LITERAL_NULL_CONVERSION = YES;
				CLANG_WARN_OBJC_IMPLICIT_RETAIN_SELF = YES;
				CLANG_WARN_OBJC_LITERAL_CONVERSION = YES;
				CLANG_WARN_OBJC_ROOT_CLASS = YES_ERROR;
				CLANG_WARN_RANGE_LOOP_ANALYSIS = YES;
				CLANG_WARN_STRICT_PROTOTYPES = YES;
				CLANG_WARN_SUSPICIOUS_MOVE = YES;
				CLANG_WARN_UNGUARDED_AVAILABILITY = YES_AGGRESSIVE;
				CLANG_WARN_UNREACHABLE_CODE = YES;
				CLANG_WARN__DUPLICATE_METHOD_MATCH = YES;
				CODE_SIGN_IDENTITY = "iPhone Developer";
				COPY_PHASE_STRIP = NO;
				DEBUG_INFORMATION_FORMAT = "dwarf-with-dsym";
				ENABLE_NS_ASSERTIONS = NO;
				ENABLE_STRICT_OBJC_MSGSEND = YES;
				GCC_C_LANGUAGE_STANDARD = gnu11;
				GCC_NO_COMMON_BLOCKS = YES;
				GCC_WARN_64_TO_32_BIT_CONVERSION = YES;
				GCC_WARN_ABOUT_RETURN_TYPE = YES_ERROR;
				GCC_WARN_UNDECLARED_SELECTOR = YES;
				GCC_WARN_UNINITIALIZED_AUTOS = YES_AGGRESSIVE;
				GCC_WARN_UNUSED_FUNCTION = YES;
				GCC_WARN_UNUSED_VARIABLE = YES;
				IPHONEOS_DEPLOYMENT_TARGET = 11.4;
				MTL_ENABLE_DEBUG_INFO = NO;
				SDKROOT = iphoneos;
				SWIFT_COMPILATION_MODE = wholemodule;
				SWIFT_OPTIMIZATION_LEVEL = "-O";
				VALIDATE_PRODUCT = YES;
			};
			name = Release;
		};
		D138A93420777471003CBC56 /* Debug */ = {
			isa = XCBuildConfiguration;
			buildSettings = {
				ASSETCATALOG_COMPILER_APPICON_NAME = AppIcon;
				CODE_SIGN_ENTITLEMENTS = PersonData/PersonData.entitlements;
				CODE_SIGN_STYLE = Automatic;
				DEVELOPMENT_TEAM = 6UR9TA6744;
				INFOPLIST_FILE = PersonData/Info.plist;
				LD_RUNPATH_SEARCH_PATHS = (
					"$(inherited)",
					"@executable_path/Frameworks",
				);
				PRODUCT_BUNDLE_IDENTIFIER = "com.janhovland.Saving-to-the-cloud.PersonData";
				PRODUCT_NAME = "$(TARGET_NAME)";
				SWIFT_VERSION = 4.2;
				TARGETED_DEVICE_FAMILY = "1,2";
			};
			name = Debug;
		};
		D138A93520777471003CBC56 /* Release */ = {
			isa = XCBuildConfiguration;
			buildSettings = {
				ASSETCATALOG_COMPILER_APPICON_NAME = AppIcon;
				CODE_SIGN_ENTITLEMENTS = PersonData/PersonData.entitlements;
				CODE_SIGN_STYLE = Automatic;
				DEVELOPMENT_TEAM = 6UR9TA6744;
				INFOPLIST_FILE = PersonData/Info.plist;
				LD_RUNPATH_SEARCH_PATHS = (
					"$(inherited)",
					"@executable_path/Frameworks",
				);
				PRODUCT_BUNDLE_IDENTIFIER = "com.janhovland.Saving-to-the-cloud.PersonData";
				PRODUCT_NAME = "$(TARGET_NAME)";
				SWIFT_VERSION = 4.2;
				TARGETED_DEVICE_FAMILY = "1,2";
			};
			name = Release;
		};
/* End XCBuildConfiguration section */

/* Begin XCConfigurationList section */
		D138A91C2077746C003CBC56 /* Build configuration list for PBXProject "PersonData" */ = {
			isa = XCConfigurationList;
			buildConfigurations = (
				D138A93120777471003CBC56 /* Debug */,
				D138A93220777471003CBC56 /* Release */,
			);
			defaultConfigurationIsVisible = 0;
			defaultConfigurationName = Release;
		};
		D138A93320777471003CBC56 /* Build configuration list for PBXNativeTarget "PersonData" */ = {
			isa = XCConfigurationList;
			buildConfigurations = (
				D138A93420777471003CBC56 /* Debug */,
				D138A93520777471003CBC56 /* Release */,
			);
			defaultConfigurationIsVisible = 0;
			defaultConfigurationName = Release;
		};
/* End XCConfigurationList section */
	};
	rootObject = D138A9192077746C003CBC56 /* Project object */;
}
